
Microsoft Visual Studio Solution File, Format Version 12.00
# Visual Studio Version 16
VisualStudioVersion = 16.0.30717.126
MinimumVisualStudioVersion = 15.0.26124.0
Project("{9A19103F-16F7-4668-BE54-9A1E7A4F7556}") = "MonoGame.Penumbra.DesktopGL", "Source\MonoGame.Penumbra.DesktopGL.csproj", "{80BA43C7-AEEF-4049-98C0-E44D45E6CB39}"
EndProject
Global
	GlobalSection(SolutionConfigurationPlatforms) = preSolution
		Debug|Any CPU = Debug|Any CPU
		Debug|x64 = Debug|x64
		Debug|x86 = Debug|x86
		Release|Any CPU = Release|Any CPU
		Release|x64 = Release|x64
		Release|x86 = Release|x86
	EndGlobalSection
	GlobalSection(ProjectConfigurationPlatforms) = postSolution
		{80BA43C7-AEEF-4049-98C0-E44D45E6CB39}.Debug|Any CPU.ActiveCfg = Debug|Any CPU
		{80BA43C7-AEEF-4049-98C0-E44D45E6CB39}.Debug|Any CPU.Build.0 = Debug|Any CPU
		{80BA43C7-AEEF-4049-98C0-E44D45E6CB39}.Debug|x64.ActiveCfg = Debug|Any CPU
		{80BA43C7-AEEF-4049-98C0-E44D45E6CB39}.Debug|x64.Build.0 = Debug|Any CPU
		{80BA43C7-AEEF-4049-98C0-E44D45E6CB39}.Debug|x86.ActiveCfg = Debug|Any CPU
		{80BA43C7-AEEF-4049-98C0-E44D45E6CB39}.Debug|x86.Build.0 = Debug|Any CPU
		{80BA43C7-AEEF-4049-98C0-E44D45E6CB39}.Release|Any CPU.ActiveCfg = Release|Any CPU
		{80BA43C7-AEEF-4049-98C0-E44D45E6CB39}.Release|Any CPU.Build.0 = Release|Any CPU
		{80BA43C7-AEEF-4049-98C0-E44D45E6CB39}.Release|x64.ActiveCfg = Release|Any CPU
		{80BA43C7-AEEF-4049-98C0-E44D45E6CB39}.Release|x64.Build.0 = Release|Any CPU
		{80BA43C7-AEEF-4049-98C0-E44D45E6CB39}.Release|x86.ActiveCfg = Release|Any CPU
		{80BA43C7-AEEF-4049-98C0-E44D45E6CB39}.Release|x86.Build.0 = Release|Any CPU
	EndGlobalSection
	GlobalSection(SolutionProperties) = preSolution
		HideSolutionNode = FALSE
	EndGlobalSection
	GlobalSection(ExtensibilityGlobals) = postSolution
		SolutionGuid = {962F7828-81F9-49B1-B1A8-7C38ED1B33A5}
	EndGlobalSection
EndGlobal
